
Microsoft Visual Studio Solution File, Format Version 12.00
# Visual Studio Version 17
VisualStudioVersion = 17.14.36429.23 d17.14
MinimumVisualStudioVersion = 10.0.40219.1
Project("{FAE04EC0-301F-11D3-BF4B-00C04F79EFBC}") = "WebApplication2KS", "WebApplication2KS\WebApplication2KS.csproj", "{D4854D87-9546-43C5-BB23-C12EE40C62DE}"
EndProject
Global
	GlobalSection(SolutionConfigurationPlatforms) = preSolution
		Debug|Any CPU = Debug|Any CPU
		Release|Any CPU = Release|Any CPU
	EndGlobalSection
	GlobalSection(ProjectConfigurationPlatforms) = postSolution
		{D4854D87-9546-43C5-BB23-C12EE40C62DE}.Debug|Any CPU.ActiveCfg = Debug|Any CPU
		{D4854D87-9546-43C5-BB23-C12EE40C62DE}.Debug|Any CPU.Build.0 = Debug|Any CPU
		{D4854D87-9546-43C5-BB23-C12EE40C62DE}.Release|Any CPU.ActiveCfg = Release|Any CPU
		{D4854D87-9546-43C5-BB23-C12EE40C62DE}.Release|Any CPU.Build.0 = Release|Any CPU
	EndGlobalSection
	GlobalSection(SolutionProperties) = preSolution
		HideSolutionNode = FALSE
	EndGlobalSection
	GlobalSection(ExtensibilityGlobals) = postSolution
		SolutionGuid = {4048600B-9EDC-4B39-A82D-249501186F7B}
	EndGlobalSection
EndGlobal
